// !$*UTF8*$!
{
	archiveVersion = 1;
	classes = {
	};
	objectVersion = 50;
	objects = {

/* Begin PBXBuildFile section */
		B40BFBE624884664004B1F59 /* AppDelegate.swift in Sources */ = {isa = PBXBuildFile; fileRef = B40BFBE524884664004B1F59 /* AppDelegate.swift */; };
		B40BFBE824884664004B1F59 /* SceneDelegate.swift in Sources */ = {isa = PBXBuildFile; fileRef = B40BFBE724884664004B1F59 /* SceneDelegate.swift */; };
		B40BFBED24884664004B1F59 /* Main.storyboard in Resources */ = {isa = PBXBuildFile; fileRef = B40BFBEB24884664004B1F59 /* Main.storyboard */; };
		B40BFBEF24884664004B1F59 /* Assets.xcassets in Resources */ = {isa = PBXBuildFile; fileRef = B40BFBEE24884664004B1F59 /* Assets.xcassets */; };
		B40BFBF224884665004B1F59 /* LaunchScreen.storyboard in Resources */ = {isa = PBXBuildFile; fileRef = B40BFBF024884664004B1F59 /* LaunchScreen.storyboard */; };
		B40BFBFC248848F0004B1F59 /* ThemeManager.swift in Sources */ = {isa = PBXBuildFile; fileRef = B40BFBFB248848F0004B1F59 /* ThemeManager.swift */; };
		B40BFBFE24884A00004B1F59 /* NewsHeadlineTVC.swift in Sources */ = {isa = PBXBuildFile; fileRef = B40BFBFD24884A00004B1F59 /* NewsHeadlineTVC.swift */; };
		B40BFC0124884C63004B1F59 /* NewsHeadlineTVCell.swift in Sources */ = {isa = PBXBuildFile; fileRef = B40BFC0024884C63004B1F59 /* NewsHeadlineTVCell.swift */; };
/* End PBXBuildFile section */

/* Begin PBXFileReference section */
		B40BFBE224884664004B1F59 /* GoodNews.app */ = {isa = PBXFileReference; explicitFileType = wrapper.application; includeInIndex = 0; path = GoodNews.app; sourceTree = BUILT_PRODUCTS_DIR; };
		B40BFBE524884664004B1F59 /* AppDelegate.swift */ = {isa = PBXFileReference; lastKnownFileType = sourcecode.swift; path = AppDelegate.swift; sourceTree = "<group>"; };
		B40BFBE724884664004B1F59 /* SceneDelegate.swift */ = {isa = PBXFileReference; lastKnownFileType = sourcecode.swift; path = SceneDelegate.swift; sourceTree = "<group>"; };
		B40BFBEC24884664004B1F59 /* Base */ = {isa = PBXFileReference; lastKnownFileType = file.storyboard; name = Base; path = Base.lproj/Main.storyboard; sourceTree = "<group>"; };
		B40BFBEE24884664004B1F59 /* Assets.xcassets */ = {isa = PBXFileReference; lastKnownFileType = folder.assetcatalog; path = Assets.xcassets; sourceTree = "<group>"; };
		B40BFBF124884665004B1F59 /* Base */ = {isa = PBXFileReference; lastKnownFileType = file.storyboard; name = Base; path = Base.lproj/LaunchScreen.storyboard; sourceTree = "<group>"; };
		B40BFBF324884665004B1F59 /* Info.plist */ = {isa = PBXFileReference; lastKnownFileType = text.plist.xml; path = Info.plist; sourceTree = "<group>"; };
		B40BFBFB248848F0004B1F59 /* ThemeManager.swift */ = {isa = PBXFileReference; lastKnownFileType = sourcecode.swift; path = ThemeManager.swift; sourceTree = "<group>"; };
		B40BFBFD24884A00004B1F59 /* NewsHeadlineTVC.swift */ = {isa = PBXFileReference; lastKnownFileType = sourcecode.swift; path = NewsHeadlineTVC.swift; sourceTree = "<group>"; };
		B40BFC0024884C63004B1F59 /* NewsHeadlineTVCell.swift */ = {isa = PBXFileReference; lastKnownFileType = sourcecode.swift; path = NewsHeadlineTVCell.swift; sourceTree = "<group>"; };
/* End PBXFileReference section */

/* Begin PBXFrameworksBuildPhase section */
		B40BFBDF24884664004B1F59 /* Frameworks */ = {
			isa = PBXFrameworksBuildPhase;
			buildActionMask = 2147483647;
			files = (
			);
			runOnlyForDeploymentPostprocessing = 0;
		};
/* End PBXFrameworksBuildPhase section */

/* Begin PBXGroup section */
		B40BFBD924884664004B1F59 = {
			isa = PBXGroup;
			children = (
				B40BFBE424884664004B1F59 /* GoodNews */,
				B40BFBE324884664004B1F59 /* Products */,
			);
			sourceTree = "<group>";
		};
		B40BFBE324884664004B1F59 /* Products */ = {
			isa = PBXGroup;
			children = (
				B40BFBE224884664004B1F59 /* GoodNews.app */,
			);
			name = Products;
			sourceTree = "<group>";
		};
		B40BFBE424884664004B1F59 /* GoodNews */ = {
			isa = PBXGroup;
			children = (
				B40BFBFF24884C48004B1F59 /* Cells */,
				B40BFBFA248848DF004B1F59 /* Manager */,
				B40BFBF92488476A004B1F59 /* Controller */,
				B40BFBE524884664004B1F59 /* AppDelegate.swift */,
				B40BFBE724884664004B1F59 /* SceneDelegate.swift */,
				B40BFBEB24884664004B1F59 /* Main.storyboard */,
				B40BFBEE24884664004B1F59 /* Assets.xcassets */,
				B40BFBF024884664004B1F59 /* LaunchScreen.storyboard */,
				B40BFBF324884665004B1F59 /* Info.plist */,
			);
			path = GoodNews;
			sourceTree = "<group>";
		};
		B40BFBF92488476A004B1F59 /* Controller */ = {
			isa = PBXGroup;
			children = (
				B40BFBFD24884A00004B1F59 /* NewsHeadlineTVC.swift */,
			);
			path = Controller;
			sourceTree = "<group>";
		};
		B40BFBFA248848DF004B1F59 /* Manager */ = {
			isa = PBXGroup;
			children = (
				B40BFBFB248848F0004B1F59 /* ThemeManager.swift */,
			);
			path = Manager;
			sourceTree = "<group>";
		};
		B40BFBFF24884C48004B1F59 /* Cells */ = {
			isa = PBXGroup;
			children = (
				B40BFC0024884C63004B1F59 /* NewsHeadlineTVCell.swift */,
			);
			path = Cells;
			sourceTree = "<group>";
		};
/* End PBXGroup section */

/* Begin PBXNativeTarget section */
		B40BFBE124884664004B1F59 /* GoodNews */ = {
			isa = PBXNativeTarget;
			buildConfigurationList = B40BFBF624884665004B1F59 /* Build configuration list for PBXNativeTarget "GoodNews" */;
			buildPhases = (
				B40BFBDE24884664004B1F59 /* Sources */,
				B40BFBDF24884664004B1F59 /* Frameworks */,
				B40BFBE024884664004B1F59 /* Resources */,
			);
			buildRules = (
			);
			dependencies = (
			);
			name = GoodNews;
			productName = GoodNews;
			productReference = B40BFBE224884664004B1F59 /* GoodNews.app */;
			productType = "com.apple.product-type.application";
		};
/* End PBXNativeTarget section */

/* Begin PBXProject section */
		B40BFBDA24884664004B1F59 /* Project object */ = {
			isa = PBXProject;
			attributes = {
				LastSwiftUpdateCheck = 1130;
				LastUpgradeCheck = 1130;
				ORGANIZATIONNAME = MuriTech;
				TargetAttributes = {
					B40BFBE124884664004B1F59 = {
						CreatedOnToolsVersion = 11.3.1;
					};
				};
			};
			buildConfigurationList = B40BFBDD24884664004B1F59 /* Build configuration list for PBXProject "GoodNews" */;
			compatibilityVersion = "Xcode 9.3";
			developmentRegion = en;
			hasScannedForEncodings = 0;
			knownRegions = (
				en,
				Base,
			);
			mainGroup = B40BFBD924884664004B1F59;
			productRefGroup = B40BFBE324884664004B1F59 /* Products */;
			projectDirPath = "";
			projectRoot = "";
			targets = (
				B40BFBE124884664004B1F59 /* GoodNews */,
			);
		};
/* End PBXProject section */

/* Begin PBXResourcesBuildPhase section */
		B40BFBE024884664004B1F59 /* Resources */ = {
			isa = PBXResourcesBuildPhase;
			buildActionMask = 2147483647;
			files = (
				B40BFBF224884665004B1F59 /* LaunchScreen.storyboard in Resources */,
				B40BFBEF24884664004B1F59 /* Assets.xcassets in Resources */,
				B40BFBED24884664004B1F59 /* Main.storyboard in Resources */,
			);
			runOnlyForDeploymentPostprocessing = 0;
		};
/* End PBXResourcesBuildPhase section */

/* Begin PBXSourcesBuildPhase section */
		B40BFBDE24884664004B1F59 /* Sources */ = {
			isa = PBXSourcesBuildPhase;
			buildActionMask = 2147483647;
			files = (
				B40BFBFE24884A00004B1F59 /* NewsHeadlineTVC.swift in Sources */,
				B40BFC0124884C63004B1F59 /* NewsHeadlineTVCell.swift in Sources */,
				B40BFBE624884664004B1F59 /* AppDelegate.swift in Sources */,
				B40BFBE824884664004B1F59 /* SceneDelegate.swift in Sources */,
				B40BFBFC248848F0004B1F59 /* ThemeManager.swift in Sources */,
			);
			runOnlyForDeploymentPostprocessing = 0;
		};
/* End PBXSourcesBuildPhase section */

/* Begin PBXVariantGroup section */
		B40BFBEB24884664004B1F59 /* Main.storyboard */ = {
			isa = PBXVariantGroup;
			children = (
				B40BFBEC24884664004B1F59 /* Base */,
			);
			name = Main.storyboard;
			sourceTree = "<group>";
		};
		B40BFBF024884664004B1F59 /* LaunchScreen.storyboard */ = {
			isa = PBXVariantGroup;
			children = (
				B40BFBF124884665004B1F59 /* Base */,
			);
			name = LaunchScreen.storyboard;
			sourceTree = "<group>";
		};
/* End PBXVariantGroup section */

/* Begin XCBuildConfiguration section */
		B40BFBF424884665004B1F59 /* Debug */ = {
			isa = XCBuildConfiguration;
			buildSettings = {
				ALWAYS_SEARCH_USER_PATHS = NO;
				CLANG_ANALYZER_NONNULL = YES;
				CLANG_ANALYZER_NUMBER_OBJECT_CONVERSION = YES_AGGRESSIVE;
				CLANG_CXX_LANGUAGE_STANDARD = "gnu++14";
				CLANG_CXX_LIBRARY = "libc++";
				CLANG_ENABLE_MODULES = YES;
				CLANG_ENABLE_OBJC_ARC = YES;
				CLANG_ENABLE_OBJC_WEAK = YES;
				CLANG_WARN_BLOCK_CAPTURE_AUTORELEASING = YES;
				CLANG_WARN_BOOL_CONVERSION = YES;
				CLANG_WARN_COMMA = YES;
				CLANG_WARN_CONSTANT_CONVERSION = YES;
				CLANG_WARN_DEPRECATED_OBJC_IMPLEMENTATIONS = YES;
				CLANG_WARN_DIRECT_OBJC_ISA_USAGE = YES_ERROR;
				CLANG_WARN_DOCUMENTATION_COMMENTS = YES;
				CLANG_WARN_EMPTY_BODY = YES;
				CLANG_WARN_ENUM_CONVERSION = YES;
				CLANG_WARN_INFINITE_RECURSION = YES;
				CLANG_WARN_INT_CONVERSION = YES;
				CLANG_WARN_NON_LITERAL_NULL_CONVERSION = YES;
				CLANG_WARN_OBJC_IMPLICIT_RETAIN_SELF = YES;
				CLANG_WARN_OBJC_LITERAL_CONVERSION = YES;
				CLANG_WARN_OBJC_ROOT_CLASS = YES_ERROR;
				CLANG_WARN_RANGE_LOOP_ANALYSIS = YES;
				CLANG_WARN_STRICT_PROTOTYPES = YES;
				CLANG_WARN_SUSPICIOUS_MOVE = YES;
				CLANG_WARN_UNGUARDED_AVAILABILITY = YES_AGGRESSIVE;
				CLANG_WARN_UNREACHABLE_CODE = YES;
				CLANG_WARN__DUPLICATE_METHOD_MATCH = YES;
				COPY_PHASE_STRIP = NO;
				DEBUG_INFORMATION_FORMAT = dwarf;
				ENABLE_STRICT_OBJC_MSGSEND = YES;
				ENABLE_TESTABILITY = YES;
				GCC_C_LANGUAGE_STANDARD = gnu11;
				GCC_DYNAMIC_NO_PIC = NO;
				GCC_NO_COMMON_BLOCKS = YES;
				GCC_OPTIMIZATION_LEVEL = 0;
				GCC_PREPROCESSOR_DEFINITIONS = (
					"DEBUG=1",
					"$(inherited)",
				);
				GCC_WARN_64_TO_32_BIT_CONVERSION = YES;
				GCC_WARN_ABOUT_RETURN_TYPE = YES_ERROR;
				GCC_WARN_UNDECLARED_SELECTOR = YES;
				GCC_WARN_UNINITIALIZED_AUTOS = YES_AGGRESSIVE;
				GCC_WARN_UNUSED_FUNCTION = YES;
				GCC_WARN_UNUSED_VARIABLE = YES;
				IPHONEOS_DEPLOYMENT_TARGET = 13.2;
				MTL_ENABLE_DEBUG_INFO = INCLUDE_SOURCE;
				MTL_FAST_MATH = YES;
				ONLY_ACTIVE_ARCH = YES;
				SDKROOT = iphoneos;
				SWIFT_ACTIVE_COMPILATION_CONDITIONS = DEBUG;
				SWIFT_OPTIMIZATION_LEVEL = "-Onone";
			};
			name = Debug;
		};
		B40BFBF524884665004B1F59 /* Release */ = {
			isa = XCBuildConfiguration;
			buildSettings = {
				ALWAYS_SEARCH_USER_PATHS = NO;
				CLANG_ANALYZER_NONNULL = YES;
				CLANG_ANALYZER_NUMBER_OBJECT_CONVERSION = YES_AGGRESSIVE;
				CLANG_CXX_LANGUAGE_STANDARD = "gnu++14";
				CLANG_CXX_LIBRARY = "libc++";
				CLANG_ENABLE_MODULES = YES;
				CLANG_ENABLE_OBJC_ARC = YES;
				CLANG_ENABLE_OBJC_WEAK = YES;
				CLANG_WARN_BLOCK_CAPTURE_AUTORELEASING = YES;
				CLANG_WARN_BOOL_CONVERSION = YES;
				CLANG_WARN_COMMA = YES;
				CLANG_WARN_CONSTANT_CONVERSION = YES;
				CLANG_WARN_DEPRECATED_OBJC_IMPLEMENTATIONS = YES;
				CLANG_WARN_DIRECT_OBJC_ISA_USAGE = YES_ERROR;
				CLANG_WARN_DOCUMENTATION_COMMENTS = YES;
				CLANG_WARN_EMPTY_BODY = YES;
				CLANG_WARN_ENUM_CONVERSION = YES;
				CLANG_WARN_INFINITE_RECURSION = YES;
				CLANG_WARN_INT_CONVERSION = YES;
				CLANG_WARN_NON_LITERAL_NULL_CONVERSION = YES;
				CLANG_WARN_OBJC_IMPLICIT_RETAIN_SELF = YES;
				CLANG_WARN_OBJC_LITERAL_CONVERSION = YES;
				CLANG_WARN_OBJC_ROOT_CLASS = YES_ERROR;
				CLANG_WARN_RANGE_LOOP_ANALYSIS = YES;
				CLANG_WARN_STRICT_PROTOTYPES = YES;
				CLANG_WARN_SUSPICIOUS_MOVE = YES;
				CLANG_WARN_UNGUARDED_AVAILABILITY = YES_AGGRESSIVE;
				CLANG_WARN_UNREACHABLE_CODE = YES;
				CLANG_WARN__DUPLICATE_METHOD_MATCH = YES;
				COPY_PHASE_STRIP = NO;
				DEBUG_INFORMATION_FORMAT = "dwarf-with-dsym";
				ENABLE_NS_ASSERTIONS = NO;
				ENABLE_STRICT_OBJC_MSGSEND = YES;
				GCC_C_LANGUAGE_STANDARD = gnu11;
				GCC_NO_COMMON_BLOCKS = YES;
				GCC_WARN_64_TO_32_BIT_CONVERSION = YES;
				GCC_WARN_ABOUT_RETURN_TYPE = YES_ERROR;
				GCC_WARN_UNDECLARED_SELECTOR = YES;
				GCC_WARN_UNINITIALIZED_AUTOS = YES_AGGRESSIVE;
				GCC_WARN_UNUSED_FUNCTION = YES;
				GCC_WARN_UNUSED_VARIABLE = YES;
				IPHONEOS_DEPLOYMENT_TARGET = 13.2;
				MTL_ENABLE_DEBUG_INFO = NO;
				MTL_FAST_MATH = YES;
				SDKROOT = iphoneos;
				SWIFT_COMPILATION_MODE = wholemodule;
				SWIFT_OPTIMIZATION_LEVEL = "-O";
				VALIDATE_PRODUCT = YES;
			};
			name = Release;
		};
		B40BFBF724884665004B1F59 /* Debug */ = {
			isa = XCBuildConfiguration;
			buildSettings = {
				ASSETCATALOG_COMPILER_APPICON_NAME = AppIcon;
				CODE_SIGN_STYLE = Automatic;
				DEVELOPMENT_TEAM = 7M226WNK72;
				INFOPLIST_FILE = GoodNews/Info.plist;
				IPHONEOS_DEPLOYMENT_TARGET = 13.0;
				LD_RUNPATH_SEARCH_PATHS = (
					"$(inherited)",
					"@executable_path/Frameworks",
				);
				PRODUCT_BUNDLE_IDENTIFIER = com.MuriTech.GoodNews;
				PRODUCT_NAME = "$(TARGET_NAME)";
				SWIFT_VERSION = 5.0;
				TARGETED_DEVICE_FAMILY = "1,2";
			};
			name = Debug;
		};
		B40BFBF824884665004B1F59 /* Release */ = {
			isa = XCBuildConfiguration;
			buildSettings = {
				ASSETCATALOG_COMPILER_APPICON_NAME = AppIcon;
				CODE_SIGN_STYLE = Automatic;
				DEVELOPMENT_TEAM = 7M226WNK72;
				INFOPLIST_FILE = GoodNews/Info.plist;
				IPHONEOS_DEPLOYMENT_TARGET = 13.0;
				LD_RUNPATH_SEARCH_PATHS = (
					"$(inherited)",
					"@executable_path/Frameworks",
				);
				PRODUCT_BUNDLE_IDENTIFIER = com.MuriTech.GoodNews;
				PRODUCT_NAME = "$(TARGET_NAME)";
				SWIFT_VERSION = 5.0;
				TARGETED_DEVICE_FAMILY = "1,2";
			};
			name = Release;
		};
/* End XCBuildConfiguration section */

/* Begin XCConfigurationList section */
		B40BFBDD24884664004B1F59 /* Build configuration list for PBXProject "GoodNews" */ = {
			isa = XCConfigurationList;
			buildConfigurations = (
				B40BFBF424884665004B1F59 /* Debug */,
				B40BFBF524884665004B1F59 /* Release */,
			);
			defaultConfigurationIsVisible = 0;
			defaultConfigurationName = Release;
		};
		B40BFBF624884665004B1F59 /* Build configuration list for PBXNativeTarget "GoodNews" */ = {
			isa = XCConfigurationList;
			buildConfigurations = (
				B40BFBF724884665004B1F59 /* Debug */,
				B40BFBF824884665004B1F59 /* Release */,
			);
			defaultConfigurationIsVisible = 0;
			defaultConfigurationName = Release;
		};
/* End XCConfigurationList section */
	};
	rootObject = B40BFBDA24884664004B1F59 /* Project object */;
}
